// !$*UTF8*$!
{
	archiveVersion = 1;
	classes = {
	};
	objectVersion = 56;
	objects = {

/* Begin PBXBuildFile section */
		5668B8412AB2DD4D00F26F8A /* CalendarAppApp.swift in Sources */ = {isa = PBXBuildFile; fileRef = 5668B8402AB2DD4D00F26F8A /* CalendarAppApp.swift */; };
		5668B8432AB2DD4D00F26F8A /* ContentView.swift in Sources */ = {isa = PBXBuildFile; fileRef = 5668B8422AB2DD4D00F26F8A /* ContentView.swift */; };
		5668B8452AB2DD4F00F26F8A /* Assets.xcassets in Resources */ = {isa = PBXBuildFile; fileRef = 5668B8442AB2DD4F00F26F8A /* Assets.xcassets */; };
		5668B8492AB2DD4F00F26F8A /* Preview Assets.xcassets in Resources */ = {isa = PBXBuildFile; fileRef = 5668B8482AB2DD4F00F26F8A /* Preview Assets.xcassets */; };
		5668B8532AB2DD4F00F26F8A /* CalendarAppTests.swift in Sources */ = {isa = PBXBuildFile; fileRef = 5668B8522AB2DD4F00F26F8A /* CalendarAppTests.swift */; };
		5668B85D2AB2DD4F00F26F8A /* CalendarAppUITests.swift in Sources */ = {isa = PBXBuildFile; fileRef = 5668B85C2AB2DD4F00F26F8A /* CalendarAppUITests.swift */; };
		5668B85F2AB2DD4F00F26F8A /* CalendarAppUITestsLaunchTests.swift in Sources */ = {isa = PBXBuildFile; fileRef = 5668B85E2AB2DD4F00F26F8A /* CalendarAppUITestsLaunchTests.swift */; };
		5668B86C2AB2DD9200F26F8A /* DataController.swift in Sources */ = {isa = PBXBuildFile; fileRef = 5668B86B2AB2DD9100F26F8A /* DataController.swift */; };
		5668B8732AB2DE4F00F26F8A /* Event.xcdatamodeld in Sources */ = {isa = PBXBuildFile; fileRef = 5668B8702AB2DE4F00F26F8A /* Event.xcdatamodeld */; };
		5668B8752AB2E7E700F26F8A /* Extensions.swift in Sources */ = {isa = PBXBuildFile; fileRef = 5668B8742AB2E7E700F26F8A /* Extensions.swift */; };
		5668B8772AB2EA5200F26F8A /* ContentViewModel.swift in Sources */ = {isa = PBXBuildFile; fileRef = 5668B8762AB2EA5200F26F8A /* ContentViewModel.swift */; };
		5668B8802AB2F24D00F26F8A /* Event+CoreDataClass.swift in Sources */ = {isa = PBXBuildFile; fileRef = 5668B87E2AB2F24D00F26F8A /* Event+CoreDataClass.swift */; };
		5668B8812AB2F24D00F26F8A /* Event+CoreDataProperties.swift in Sources */ = {isa = PBXBuildFile; fileRef = 5668B87F2AB2F24D00F26F8A /* Event+CoreDataProperties.swift */; };
		5668B8872AB2F97B00F26F8A /* MainView.swift in Sources */ = {isa = PBXBuildFile; fileRef = 5668B8862AB2F97B00F26F8A /* MainView.swift */; };
		5668B8892AB2F99F00F26F8A /* MainViewModel.swift in Sources */ = {isa = PBXBuildFile; fileRef = 5668B8882AB2F99F00F26F8A /* MainViewModel.swift */; };
		56B2C27C2AB4C20000A08413 /* SwiftUIView.swift in Sources */ = {isa = PBXBuildFile; fileRef = 56B2C27B2AB4C20000A08413 /* SwiftUIView.swift */; };
/* End PBXBuildFile section */

/* Begin PBXContainerItemProxy section */
		5668B84F2AB2DD4F00F26F8A /* PBXContainerItemProxy */ = {
			isa = PBXContainerItemProxy;
			containerPortal = 5668B8352AB2DD4C00F26F8A /* Project object */;
			proxyType = 1;
			remoteGlobalIDString = 5668B83C2AB2DD4C00F26F8A;
			remoteInfo = CalendarApp;
		};
		5668B8592AB2DD4F00F26F8A /* PBXContainerItemProxy */ = {
			isa = PBXContainerItemProxy;
			containerPortal = 5668B8352AB2DD4C00F26F8A /* Project object */;
			proxyType = 1;
			remoteGlobalIDString = 5668B83C2AB2DD4C00F26F8A;
			remoteInfo = CalendarApp;
		};
/* End PBXContainerItemProxy section */

/* Begin PBXFileReference section */
		5668B83D2AB2DD4D00F26F8A /* CalendarApp.app */ = {isa = PBXFileReference; explicitFileType = wrapper.application; includeInIndex = 0; path = CalendarApp.app; sourceTree = BUILT_PRODUCTS_DIR; };
		5668B8402AB2DD4D00F26F8A /* CalendarAppApp.swift */ = {isa = PBXFileReference; lastKnownFileType = sourcecode.swift; path = CalendarAppApp.swift; sourceTree = "<group>"; };
		5668B8422AB2DD4D00F26F8A /* ContentView.swift */ = {isa = PBXFileReference; lastKnownFileType = sourcecode.swift; path = ContentView.swift; sourceTree = "<group>"; };
		5668B8442AB2DD4F00F26F8A /* Assets.xcassets */ = {isa = PBXFileReference; lastKnownFileType = folder.assetcatalog; path = Assets.xcassets; sourceTree = "<group>"; };
		5668B8462AB2DD4F00F26F8A /* CalendarApp.entitlements */ = {isa = PBXFileReference; lastKnownFileType = text.plist.entitlements; path = CalendarApp.entitlements; sourceTree = "<group>"; };
		5668B8482AB2DD4F00F26F8A /* Preview Assets.xcassets */ = {isa = PBXFileReference; lastKnownFileType = folder.assetcatalog; path = "Preview Assets.xcassets"; sourceTree = "<group>"; };
		5668B84E2AB2DD4F00F26F8A /* CalendarAppTests.xctest */ = {isa = PBXFileReference; explicitFileType = wrapper.cfbundle; includeInIndex = 0; path = CalendarAppTests.xctest; sourceTree = BUILT_PRODUCTS_DIR; };
		5668B8522AB2DD4F00F26F8A /* CalendarAppTests.swift */ = {isa = PBXFileReference; lastKnownFileType = sourcecode.swift; path = CalendarAppTests.swift; sourceTree = "<group>"; };
		5668B8582AB2DD4F00F26F8A /* CalendarAppUITests.xctest */ = {isa = PBXFileReference; explicitFileType = wrapper.cfbundle; includeInIndex = 0; path = CalendarAppUITests.xctest; sourceTree = BUILT_PRODUCTS_DIR; };
		5668B85C2AB2DD4F00F26F8A /* CalendarAppUITests.swift */ = {isa = PBXFileReference; lastKnownFileType = sourcecode.swift; path = CalendarAppUITests.swift; sourceTree = "<group>"; };
		5668B85E2AB2DD4F00F26F8A /* CalendarAppUITestsLaunchTests.swift */ = {isa = PBXFileReference; lastKnownFileType = sourcecode.swift; path = CalendarAppUITestsLaunchTests.swift; sourceTree = "<group>"; };
		5668B86B2AB2DD9100F26F8A /* DataController.swift */ = {isa = PBXFileReference; lastKnownFileType = sourcecode.swift; path = DataController.swift; sourceTree = "<group>"; };
		5668B8712AB2DE4F00F26F8A /* Event.xcdatamodel */ = {isa = PBXFileReference; lastKnownFileType = wrapper.xcdatamodel; path = Event.xcdatamodel; sourceTree = "<group>"; };
		5668B8722AB2DE4F00F26F8A /* Evemt.xcdatamodel */ = {isa = PBXFileReference; lastKnownFileType = wrapper.xcdatamodel; path = Evemt.xcdatamodel; sourceTree = "<group>"; };
		5668B8742AB2E7E700F26F8A /* Extensions.swift */ = {isa = PBXFileReference; lastKnownFileType = sourcecode.swift; path = Extensions.swift; sourceTree = "<group>"; };
		5668B8762AB2EA5200F26F8A /* ContentViewModel.swift */ = {isa = PBXFileReference; lastKnownFileType = sourcecode.swift; path = ContentViewModel.swift; sourceTree = "<group>"; };
		5668B87E2AB2F24D00F26F8A /* Event+CoreDataClass.swift */ = {isa = PBXFileReference; lastKnownFileType = sourcecode.swift; path = "Event+CoreDataClass.swift"; sourceTree = "<group>"; };
		5668B87F2AB2F24D00F26F8A /* Event+CoreDataProperties.swift */ = {isa = PBXFileReference; lastKnownFileType = sourcecode.swift; path = "Event+CoreDataProperties.swift"; sourceTree = "<group>"; };
		5668B8862AB2F97B00F26F8A /* MainView.swift */ = {isa = PBXFileReference; lastKnownFileType = sourcecode.swift; path = MainView.swift; sourceTree = "<group>"; };
		5668B8882AB2F99F00F26F8A /* MainViewModel.swift */ = {isa = PBXFileReference; lastKnownFileType = sourcecode.swift; path = MainViewModel.swift; sourceTree = "<group>"; };
		56B2C27B2AB4C20000A08413 /* SwiftUIView.swift */ = {isa = PBXFileReference; lastKnownFileType = sourcecode.swift; path = SwiftUIView.swift; sourceTree = "<group>"; };
/* End PBXFileReference section */

/* Begin PBXFrameworksBuildPhase section */
		5668B83A2AB2DD4C00F26F8A /* Frameworks */ = {
			isa = PBXFrameworksBuildPhase;
			buildActionMask = 2147483647;
			files = (
			);
			runOnlyForDeploymentPostprocessing = 0;
		};
		5668B84B2AB2DD4F00F26F8A /* Frameworks */ = {
			isa = PBXFrameworksBuildPhase;
			buildActionMask = 2147483647;
			files = (
			);
			runOnlyForDeploymentPostprocessing = 0;
		};
		5668B8552AB2DD4F00F26F8A /* Frameworks */ = {
			isa = PBXFrameworksBuildPhase;
			buildActionMask = 2147483647;
			files = (
			);
			runOnlyForDeploymentPostprocessing = 0;
		};
/* End PBXFrameworksBuildPhase section */

/* Begin PBXGroup section */
		5668B8342AB2DD4C00F26F8A = {
			isa = PBXGroup;
			children = (
				5668B87E2AB2F24D00F26F8A /* Event+CoreDataClass.swift */,
				5668B87F2AB2F24D00F26F8A /* Event+CoreDataProperties.swift */,
				5668B83F2AB2DD4D00F26F8A /* CalendarApp */,
				5668B8512AB2DD4F00F26F8A /* CalendarAppTests */,
				5668B85B2AB2DD4F00F26F8A /* CalendarAppUITests */,
				5668B83E2AB2DD4D00F26F8A /* Products */,
			);
			sourceTree = "<group>";
		};
		5668B83E2AB2DD4D00F26F8A /* Products */ = {
			isa = PBXGroup;
			children = (
				5668B83D2AB2DD4D00F26F8A /* CalendarApp.app */,
				5668B84E2AB2DD4F00F26F8A /* CalendarAppTests.xctest */,
				5668B8582AB2DD4F00F26F8A /* CalendarAppUITests.xctest */,
			);
			name = Products;
			sourceTree = "<group>";
		};
		5668B83F2AB2DD4D00F26F8A /* CalendarApp */ = {
			isa = PBXGroup;
			children = (
				5668B8402AB2DD4D00F26F8A /* CalendarAppApp.swift */,
				5668B8822AB2F92F00F26F8A /* Views */,
				5668B8832AB2F93600F26F8A /* ViewModels */,
				5668B8842AB2F93E00F26F8A /* Helpers */,
				5668B8852AB2F94900F26F8A /* DataModel */,
				5668B8442AB2DD4F00F26F8A /* Assets.xcassets */,
				5668B8462AB2DD4F00F26F8A /* CalendarApp.entitlements */,
				5668B8472AB2DD4F00F26F8A /* Preview Content */,
			);
			path = CalendarApp;
			sourceTree = "<group>";
		};
		5668B8472AB2DD4F00F26F8A /* Preview Content */ = {
			isa = PBXGroup;
			children = (
				5668B8482AB2DD4F00F26F8A /* Preview Assets.xcassets */,
			);
			path = "Preview Content";
			sourceTree = "<group>";
		};
		5668B8512AB2DD4F00F26F8A /* CalendarAppTests */ = {
			isa = PBXGroup;
			children = (
				5668B8522AB2DD4F00F26F8A /* CalendarAppTests.swift */,
			);
			path = CalendarAppTests;
			sourceTree = "<group>";
		};
		5668B85B2AB2DD4F00F26F8A /* CalendarAppUITests */ = {
			isa = PBXGroup;
			children = (
				5668B85C2AB2DD4F00F26F8A /* CalendarAppUITests.swift */,
				5668B85E2AB2DD4F00F26F8A /* CalendarAppUITestsLaunchTests.swift */,
			);
			path = CalendarAppUITests;
			sourceTree = "<group>";
		};
		5668B8822AB2F92F00F26F8A /* Views */ = {
			isa = PBXGroup;
			children = (
				5668B8422AB2DD4D00F26F8A /* ContentView.swift */,
				5668B8862AB2F97B00F26F8A /* MainView.swift */,
				56B2C27B2AB4C20000A08413 /* SwiftUIView.swift */,
			);
			path = Views;
			sourceTree = "<group>";
		};
		5668B8832AB2F93600F26F8A /* ViewModels */ = {
			isa = PBXGroup;
			children = (
				5668B8762AB2EA5200F26F8A /* ContentViewModel.swift */,
				5668B8882AB2F99F00F26F8A /* MainViewModel.swift */,
			);
			path = ViewModels;
			sourceTree = "<group>";
		};
		5668B8842AB2F93E00F26F8A /* Helpers */ = {
			isa = PBXGroup;
			children = (
				5668B8742AB2E7E700F26F8A /* Extensions.swift */,
			);
			path = Helpers;
			sourceTree = "<group>";
		};
		5668B8852AB2F94900F26F8A /* DataModel */ = {
			isa = PBXGroup;
			children = (
				5668B86B2AB2DD9100F26F8A /* DataController.swift */,
				5668B8702AB2DE4F00F26F8A /* Event.xcdatamodeld */,
			);
			path = DataModel;
			sourceTree = "<group>";
		};
/* End PBXGroup section */

/* Begin PBXNativeTarget section */
		5668B83C2AB2DD4C00F26F8A /* CalendarApp */ = {
			isa = PBXNativeTarget;
			buildConfigurationList = 5668B8622AB2DD4F00F26F8A /* Build configuration list for PBXNativeTarget "CalendarApp" */;
			buildPhases = (
				5668B8392AB2DD4C00F26F8A /* Sources */,
				5668B83A2AB2DD4C00F26F8A /* Frameworks */,
				5668B83B2AB2DD4C00F26F8A /* Resources */,
			);
			buildRules = (
			);
			dependencies = (
			);
			name = CalendarApp;
			productName = CalendarApp;
			productReference = 5668B83D2AB2DD4D00F26F8A /* CalendarApp.app */;
			productType = "com.apple.product-type.application";
		};
		5668B84D2AB2DD4F00F26F8A /* CalendarAppTests */ = {
			isa = PBXNativeTarget;
			buildConfigurationList = 5668B8652AB2DD4F00F26F8A /* Build configuration list for PBXNativeTarget "CalendarAppTests" */;
			buildPhases = (
				5668B84A2AB2DD4F00F26F8A /* Sources */,
				5668B84B2AB2DD4F00F26F8A /* Frameworks */,
				5668B84C2AB2DD4F00F26F8A /* Resources */,
			);
			buildRules = (
			);
			dependencies = (
				5668B8502AB2DD4F00F26F8A /* PBXTargetDependency */,
			);
			name = CalendarAppTests;
			productName = CalendarAppTests;
			productReference = 5668B84E2AB2DD4F00F26F8A /* CalendarAppTests.xctest */;
			productType = "com.apple.product-type.bundle.unit-test";
		};
		5668B8572AB2DD4F00F26F8A /* CalendarAppUITests */ = {
			isa = PBXNativeTarget;
			buildConfigurationList = 5668B8682AB2DD4F00F26F8A /* Build configuration list for PBXNativeTarget "CalendarAppUITests" */;
			buildPhases = (
				5668B8542AB2DD4F00F26F8A /* Sources */,
				5668B8552AB2DD4F00F26F8A /* Frameworks */,
				5668B8562AB2DD4F00F26F8A /* Resources */,
			);
			buildRules = (
			);
			dependencies = (
				5668B85A2AB2DD4F00F26F8A /* PBXTargetDependency */,
			);
			name = CalendarAppUITests;
			productName = CalendarAppUITests;
			productReference = 5668B8582AB2DD4F00F26F8A /* CalendarAppUITests.xctest */;
			productType = "com.apple.product-type.bundle.ui-testing";
		};
/* End PBXNativeTarget section */

/* Begin PBXProject section */
		5668B8352AB2DD4C00F26F8A /* Project object */ = {
			isa = PBXProject;
			attributes = {
				BuildIndependentTargetsInParallel = 1;
				LastSwiftUpdateCheck = 1430;
				LastUpgradeCheck = 1430;
				TargetAttributes = {
					5668B83C2AB2DD4C00F26F8A = {
						CreatedOnToolsVersion = 14.3.1;
					};
					5668B84D2AB2DD4F00F26F8A = {
						CreatedOnToolsVersion = 14.3.1;
						TestTargetID = 5668B83C2AB2DD4C00F26F8A;
					};
					5668B8572AB2DD4F00F26F8A = {
						CreatedOnToolsVersion = 14.3.1;
						TestTargetID = 5668B83C2AB2DD4C00F26F8A;
					};
				};
			};
			buildConfigurationList = 5668B8382AB2DD4C00F26F8A /* Build configuration list for PBXProject "CalendarApp" */;
			compatibilityVersion = "Xcode 14.0";
			developmentRegion = en;
			hasScannedForEncodings = 0;
			knownRegions = (
				en,
				Base,
			);
			mainGroup = 5668B8342AB2DD4C00F26F8A;
			productRefGroup = 5668B83E2AB2DD4D00F26F8A /* Products */;
			projectDirPath = "";
			projectRoot = "";
			targets = (
				5668B83C2AB2DD4C00F26F8A /* CalendarApp */,
				5668B84D2AB2DD4F00F26F8A /* CalendarAppTests */,
				5668B8572AB2DD4F00F26F8A /* CalendarAppUITests */,
			);
		};
/* End PBXProject section */

/* Begin PBXResourcesBuildPhase section */
		5668B83B2AB2DD4C00F26F8A /* Resources */ = {
			isa = PBXResourcesBuildPhase;
			buildActionMask = 2147483647;
			files = (
				5668B8492AB2DD4F00F26F8A /* Preview Assets.xcassets in Resources */,
				5668B8452AB2DD4F00F26F8A /* Assets.xcassets in Resources */,
			);
			runOnlyForDeploymentPostprocessing = 0;
		};
		5668B84C2AB2DD4F00F26F8A /* Resources */ = {
			isa = PBXResourcesBuildPhase;
			buildActionMask = 2147483647;
			files = (
			);
			runOnlyForDeploymentPostprocessing = 0;
		};
		5668B8562AB2DD4F00F26F8A /* Resources */ = {
			isa = PBXResourcesBuildPhase;
			buildActionMask = 2147483647;
			files = (
			);
			runOnlyForDeploymentPostprocessing = 0;
		};
/* End PBXResourcesBuildPhase section */

/* Begin PBXSourcesBuildPhase section */
		5668B8392AB2DD4C00F26F8A /* Sources */ = {
			isa = PBXSourcesBuildPhase;
			buildActionMask = 2147483647;
			files = (
				5668B8752AB2E7E700F26F8A /* Extensions.swift in Sources */,
				5668B8872AB2F97B00F26F8A /* MainView.swift in Sources */,
				56B2C27C2AB4C20000A08413 /* SwiftUIView.swift in Sources */,
				5668B8802AB2F24D00F26F8A /* Event+CoreDataClass.swift in Sources */,
				5668B8732AB2DE4F00F26F8A /* Event.xcdatamodeld in Sources */,
				5668B8772AB2EA5200F26F8A /* ContentViewModel.swift in Sources */,
				5668B8892AB2F99F00F26F8A /* MainViewModel.swift in Sources */,
				5668B8432AB2DD4D00F26F8A /* ContentView.swift in Sources */,
				5668B86C2AB2DD9200F26F8A /* DataController.swift in Sources */,
				5668B8812AB2F24D00F26F8A /* Event+CoreDataProperties.swift in Sources */,
				5668B8412AB2DD4D00F26F8A /* CalendarAppApp.swift in Sources */,
			);
			runOnlyForDeploymentPostprocessing = 0;
		};
		5668B84A2AB2DD4F00F26F8A /* Sources */ = {
			isa = PBXSourcesBuildPhase;
			buildActionMask = 2147483647;
			files = (
				5668B8532AB2DD4F00F26F8A /* CalendarAppTests.swift in Sources */,
			);
			runOnlyForDeploymentPostprocessing = 0;
		};
		5668B8542AB2DD4F00F26F8A /* Sources */ = {
			isa = PBXSourcesBuildPhase;
			buildActionMask = 2147483647;
			files = (
				5668B85F2AB2DD4F00F26F8A /* CalendarAppUITestsLaunchTests.swift in Sources */,
				5668B85D2AB2DD4F00F26F8A /* CalendarAppUITests.swift in Sources */,
			);
			runOnlyForDeploymentPostprocessing = 0;
		};
/* End PBXSourcesBuildPhase section */

/* Begin PBXTargetDependency section */
		5668B8502AB2DD4F00F26F8A /* PBXTargetDependency */ = {
			isa = PBXTargetDependency;
			target = 5668B83C2AB2DD4C00F26F8A /* CalendarApp */;
			targetProxy = 5668B84F2AB2DD4F00F26F8A /* PBXContainerItemProxy */;
		};
		5668B85A2AB2DD4F00F26F8A /* PBXTargetDependency */ = {
			isa = PBXTargetDependency;
			target = 5668B83C2AB2DD4C00F26F8A /* CalendarApp */;
			targetProxy = 5668B8592AB2DD4F00F26F8A /* PBXContainerItemProxy */;
		};
/* End PBXTargetDependency section */

/* Begin XCBuildConfiguration section */
		5668B8602AB2DD4F00F26F8A /* Debug */ = {
			isa = XCBuildConfiguration;
			buildSettings = {
				ALWAYS_SEARCH_USER_PATHS = NO;
				CLANG_ANALYZER_NONNULL = YES;
				CLANG_ANALYZER_NUMBER_OBJECT_CONVERSION = YES_AGGRESSIVE;
				CLANG_CXX_LANGUAGE_STANDARD = "gnu++20";
				CLANG_ENABLE_MODULES = YES;
				CLANG_ENABLE_OBJC_ARC = YES;
				CLANG_ENABLE_OBJC_WEAK = YES;
				CLANG_WARN_BLOCK_CAPTURE_AUTORELEASING = YES;
				CLANG_WARN_BOOL_CONVERSION = YES;
				CLANG_WARN_COMMA = YES;
				CLANG_WARN_CONSTANT_CONVERSION = YES;
				CLANG_WARN_DEPRECATED_OBJC_IMPLEMENTATIONS = YES;
				CLANG_WARN_DIRECT_OBJC_ISA_USAGE = YES_ERROR;
				CLANG_WARN_DOCUMENTATION_COMMENTS = YES;
				CLANG_WARN_EMPTY_BODY = YES;
				CLANG_WARN_ENUM_CONVERSION = YES;
				CLANG_WARN_INFINITE_RECURSION = YES;
				CLANG_WARN_INT_CONVERSION = YES;
				CLANG_WARN_NON_LITERAL_NULL_CONVERSION = YES;
				CLANG_WARN_OBJC_IMPLICIT_RETAIN_SELF = YES;
				CLANG_WARN_OBJC_LITERAL_CONVERSION = YES;
				CLANG_WARN_OBJC_ROOT_CLASS = YES_ERROR;
				CLANG_WARN_QUOTED_INCLUDE_IN_FRAMEWORK_HEADER = YES;
				CLANG_WARN_RANGE_LOOP_ANALYSIS = YES;
				CLANG_WARN_STRICT_PROTOTYPES = YES;
				CLANG_WARN_SUSPICIOUS_MOVE = YES;
				CLANG_WARN_UNGUARDED_AVAILABILITY = YES_AGGRESSIVE;
				CLANG_WARN_UNREACHABLE_CODE = YES;
				CLANG_WARN__DUPLICATE_METHOD_MATCH = YES;
				COPY_PHASE_STRIP = NO;
				DEBUG_INFORMATION_FORMAT = dwarf;
				ENABLE_STRICT_OBJC_MSGSEND = YES;
				ENABLE_TESTABILITY = YES;
				GCC_C_LANGUAGE_STANDARD = gnu11;
				GCC_DYNAMIC_NO_PIC = NO;
				GCC_NO_COMMON_BLOCKS = YES;
				GCC_OPTIMIZATION_LEVEL = 0;
				GCC_PREPROCESSOR_DEFINITIONS = (
					"DEBUG=1",
					"$(inherited)",
				);
				GCC_WARN_64_TO_32_BIT_CONVERSION = YES;
				GCC_WARN_ABOUT_RETURN_TYPE = YES_ERROR;
				GCC_WARN_UNDECLARED_SELECTOR = YES;
				GCC_WARN_UNINITIALIZED_AUTOS = YES_AGGRESSIVE;
				GCC_WARN_UNUSED_FUNCTION = YES;
				GCC_WARN_UNUSED_VARIABLE = YES;
				MTL_ENABLE_DEBUG_INFO = INCLUDE_SOURCE;
				MTL_FAST_MATH = YES;
				ONLY_ACTIVE_ARCH = YES;
				SWIFT_ACTIVE_COMPILATION_CONDITIONS = DEBUG;
				SWIFT_OPTIMIZATION_LEVEL = "-Onone";
			};
			name = Debug;
		};
		5668B8612AB2DD4F00F26F8A /* Release */ = {
			isa = XCBuildConfiguration;
			buildSettings = {
				ALWAYS_SEARCH_USER_PATHS = NO;
				CLANG_ANALYZER_NONNULL = YES;
				CLANG_ANALYZER_NUMBER_OBJECT_CONVERSION = YES_AGGRESSIVE;
				CLANG_CXX_LANGUAGE_STANDARD = "gnu++20";
				CLANG_ENABLE_MODULES = YES;
				CLANG_ENABLE_OBJC_ARC = YES;
				CLANG_ENABLE_OBJC_WEAK = YES;
				CLANG_WARN_BLOCK_CAPTURE_AUTORELEASING = YES;
				CLANG_WARN_BOOL_CONVERSION = YES;
				CLANG_WARN_COMMA = YES;
				CLANG_WARN_CONSTANT_CONVERSION = YES;
				CLANG_WARN_DEPRECATED_OBJC_IMPLEMENTATIONS = YES;
				CLANG_WARN_DIRECT_OBJC_ISA_USAGE = YES_ERROR;
				CLANG_WARN_DOCUMENTATION_COMMENTS = YES;
				CLANG_WARN_EMPTY_BODY = YES;
				CLANG_WARN_ENUM_CONVERSION = YES;
				CLANG_WARN_INFINITE_RECURSION = YES;
				CLANG_WARN_INT_CONVERSION = YES;
				CLANG_WARN_NON_LITERAL_NULL_CONVERSION = YES;
				CLANG_WARN_OBJC_IMPLICIT_RETAIN_SELF = YES;
				CLANG_WARN_OBJC_LITERAL_CONVERSION = YES;
				CLANG_WARN_OBJC_ROOT_CLASS = YES_ERROR;
				CLANG_WARN_QUOTED_INCLUDE_IN_FRAMEWORK_HEADER = YES;
				CLANG_WARN_RANGE_LOOP_ANALYSIS = YES;
				CLANG_WARN_STRICT_PROTOTYPES = YES;
				CLANG_WARN_SUSPICIOUS_MOVE = YES;
				CLANG_WARN_UNGUARDED_AVAILABILITY = YES_AGGRESSIVE;
				CLANG_WARN_UNREACHABLE_CODE = YES;
				CLANG_WARN__DUPLICATE_METHOD_MATCH = YES;
				COPY_PHASE_STRIP = NO;
				DEBUG_INFORMATION_FORMAT = "dwarf-with-dsym";
				ENABLE_NS_ASSERTIONS = NO;
				ENABLE_STRICT_OBJC_MSGSEND = YES;
				GCC_C_LANGUAGE_STANDARD = gnu11;
				GCC_NO_COMMON_BLOCKS = YES;
				GCC_WARN_64_TO_32_BIT_CONVERSION = YES;
				GCC_WARN_ABOUT_RETURN_TYPE = YES_ERROR;
				GCC_WARN_UNDECLARED_SELECTOR = YES;
				GCC_WARN_UNINITIALIZED_AUTOS = YES_AGGRESSIVE;
				GCC_WARN_UNUSED_FUNCTION = YES;
				GCC_WARN_UNUSED_VARIABLE = YES;
				MTL_ENABLE_DEBUG_INFO = NO;
				MTL_FAST_MATH = YES;
				SWIFT_COMPILATION_MODE = wholemodule;
				SWIFT_OPTIMIZATION_LEVEL = "-O";
			};
			name = Release;
		};
		5668B8632AB2DD4F00F26F8A /* Debug */ = {
			isa = XCBuildConfiguration;
			buildSettings = {
				ASSETCATALOG_COMPILER_APPICON_NAME = AppIcon;
				ASSETCATALOG_COMPILER_GLOBAL_ACCENT_COLOR_NAME = AccentColor;
				CODE_SIGN_ENTITLEMENTS = CalendarApp/CalendarApp.entitlements;
				CODE_SIGN_STYLE = Automatic;
				CURRENT_PROJECT_VERSION = 1;
				DEVELOPMENT_ASSET_PATHS = "\"CalendarApp/Preview Content\"";
				ENABLE_PREVIEWS = YES;
				GENERATE_INFOPLIST_FILE = YES;
				"INFOPLIST_KEY_UIApplicationSceneManifest_Generation[sdk=iphoneos*]" = YES;
				"INFOPLIST_KEY_UIApplicationSceneManifest_Generation[sdk=iphonesimulator*]" = YES;
				"INFOPLIST_KEY_UIApplicationSupportsIndirectInputEvents[sdk=iphoneos*]" = YES;
				"INFOPLIST_KEY_UIApplicationSupportsIndirectInputEvents[sdk=iphonesimulator*]" = YES;
				"INFOPLIST_KEY_UILaunchScreen_Generation[sdk=iphoneos*]" = YES;
				"INFOPLIST_KEY_UILaunchScreen_Generation[sdk=iphonesimulator*]" = YES;
				"INFOPLIST_KEY_UIStatusBarStyle[sdk=iphoneos*]" = UIStatusBarStyleDefault;
				"INFOPLIST_KEY_UIStatusBarStyle[sdk=iphonesimulator*]" = UIStatusBarStyleDefault;
				INFOPLIST_KEY_UISupportedInterfaceOrientations_iPad = "UIInterfaceOrientationPortrait UIInterfaceOrientationPortraitUpsideDown UIInterfaceOrientationLandscapeLeft UIInterfaceOrientationLandscapeRight";
				INFOPLIST_KEY_UISupportedInterfaceOrientations_iPhone = "UIInterfaceOrientationPortrait UIInterfaceOrientationLandscapeLeft UIInterfaceOrientationLandscapeRight";
				IPHONEOS_DEPLOYMENT_TARGET = 16.4;
				LD_RUNPATH_SEARCH_PATHS = "@executable_path/Frameworks";
				"LD_RUNPATH_SEARCH_PATHS[sdk=macosx*]" = "@executable_path/../Frameworks";
				MACOSX_DEPLOYMENT_TARGET = 13.3;
				MARKETING_VERSION = 1.0;
				PRODUCT_BUNDLE_IDENTIFIER = com.johnAbraham.CalendarApp;
				PRODUCT_NAME = "$(TARGET_NAME)";
				SDKROOT = auto;
				SUPPORTED_PLATFORMS = "iphoneos iphonesimulator macosx";
				SWIFT_EMIT_LOC_STRINGS = YES;
				SWIFT_VERSION = 5.0;
				TARGETED_DEVICE_FAMILY = "1,2";
			};
			name = Debug;
		};
		5668B8642AB2DD4F00F26F8A /* Release */ = {
			isa = XCBuildConfiguration;
			buildSettings = {
				ASSETCATALOG_COMPILER_APPICON_NAME = AppIcon;
				ASSETCATALOG_COMPILER_GLOBAL_ACCENT_COLOR_NAME = AccentColor;
				CODE_SIGN_ENTITLEMENTS = CalendarApp/CalendarApp.entitlements;
				CODE_SIGN_STYLE = Automatic;
				CURRENT_PROJECT_VERSION = 1;
				DEVELOPMENT_ASSET_PATHS = "\"CalendarApp/Preview Content\"";
				ENABLE_PREVIEWS = YES;
				GENERATE_INFOPLIST_FILE = YES;
				"INFOPLIST_KEY_UIApplicationSceneManifest_Generation[sdk=iphoneos*]" = YES;
				"INFOPLIST_KEY_UIApplicationSceneManifest_Generation[sdk=iphonesimulator*]" = YES;
				"INFOPLIST_KEY_UIApplicationSupportsIndirectInputEvents[sdk=iphoneos*]" = YES;
				"INFOPLIST_KEY_UIApplicationSupportsIndirectInputEvents[sdk=iphonesimulator*]" = YES;
				"INFOPLIST_KEY_UILaunchScreen_Generation[sdk=iphoneos*]" = YES;
				"INFOPLIST_KEY_UILaunchScreen_Generation[sdk=iphonesimulator*]" = YES;
				"INFOPLIST_KEY_UIStatusBarStyle[sdk=iphoneos*]" = UIStatusBarStyleDefault;
				"INFOPLIST_KEY_UIStatusBarStyle[sdk=iphonesimulator*]" = UIStatusBarStyleDefault;
				INFOPLIST_KEY_UISupportedInterfaceOrientations_iPad = "UIInterfaceOrientationPortrait UIInterfaceOrientationPortraitUpsideDown UIInterfaceOrientationLandscapeLeft UIInterfaceOrientationLandscapeRight";
				INFOPLIST_KEY_UISupportedInterfaceOrientations_iPhone = "UIInterfaceOrientationPortrait UIInterfaceOrientationLandscapeLeft UIInterfaceOrientationLandscapeRight";
				IPHONEOS_DEPLOYMENT_TARGET = 16.4;
				LD_RUNPATH_SEARCH_PATHS = "@executable_path/Frameworks";
				"LD_RUNPATH_SEARCH_PATHS[sdk=macosx*]" = "@executable_path/../Frameworks";
				MACOSX_DEPLOYMENT_TARGET = 13.3;
				MARKETING_VERSION = 1.0;
				PRODUCT_BUNDLE_IDENTIFIER = com.johnAbraham.CalendarApp;
				PRODUCT_NAME = "$(TARGET_NAME)";
				SDKROOT = auto;
				SUPPORTED_PLATFORMS = "iphoneos iphonesimulator macosx";
				SWIFT_EMIT_LOC_STRINGS = YES;
				SWIFT_VERSION = 5.0;
				TARGETED_DEVICE_FAMILY = "1,2";
			};
			name = Release;
		};
		5668B8662AB2DD4F00F26F8A /* Debug */ = {
			isa = XCBuildConfiguration;
			buildSettings = {
				ALWAYS_EMBED_SWIFT_STANDARD_LIBRARIES = YES;
				BUNDLE_LOADER = "$(TEST_HOST)";
				CODE_SIGN_STYLE = Automatic;
				CURRENT_PROJECT_VERSION = 1;
				GENERATE_INFOPLIST_FILE = YES;
				IPHONEOS_DEPLOYMENT_TARGET = 16.4;
				MACOSX_DEPLOYMENT_TARGET = 13.3;
				MARKETING_VERSION = 1.0;
				PRODUCT_BUNDLE_IDENTIFIER = com.johnAbraham.CalendarAppTests;
				PRODUCT_NAME = "$(TARGET_NAME)";
				SDKROOT = auto;
				SUPPORTED_PLATFORMS = "iphoneos iphonesimulator macosx";
				SWIFT_EMIT_LOC_STRINGS = NO;
				SWIFT_VERSION = 5.0;
				TARGETED_DEVICE_FAMILY = "1,2";
				TEST_HOST = "$(BUILT_PRODUCTS_DIR)/CalendarApp.app/$(BUNDLE_EXECUTABLE_FOLDER_PATH)/CalendarApp";
			};
			name = Debug;
		};
		5668B8672AB2DD4F00F26F8A /* Release */ = {
			isa = XCBuildConfiguration;
			buildSettings = {
				ALWAYS_EMBED_SWIFT_STANDARD_LIBRARIES = YES;
				BUNDLE_LOADER = "$(TEST_HOST)";
				CODE_SIGN_STYLE = Automatic;
				CURRENT_PROJECT_VERSION = 1;
				GENERATE_INFOPLIST_FILE = YES;
				IPHONEOS_DEPLOYMENT_TARGET = 16.4;
				MACOSX_DEPLOYMENT_TARGET = 13.3;
				MARKETING_VERSION = 1.0;
				PRODUCT_BUNDLE_IDENTIFIER = com.johnAbraham.CalendarAppTests;
				PRODUCT_NAME = "$(TARGET_NAME)";
				SDKROOT = auto;
				SUPPORTED_PLATFORMS = "iphoneos iphonesimulator macosx";
				SWIFT_EMIT_LOC_STRINGS = NO;
				SWIFT_VERSION = 5.0;
				TARGETED_DEVICE_FAMILY = "1,2";
				TEST_HOST = "$(BUILT_PRODUCTS_DIR)/CalendarApp.app/$(BUNDLE_EXECUTABLE_FOLDER_PATH)/CalendarApp";
			};
			name = Release;
		};
		5668B8692AB2DD4F00F26F8A /* Debug */ = {
			isa = XCBuildConfiguration;
			buildSettings = {
				ALWAYS_EMBED_SWIFT_STANDARD_LIBRARIES = YES;
				CODE_SIGN_STYLE = Automatic;
				CURRENT_PROJECT_VERSION = 1;
				GENERATE_INFOPLIST_FILE = YES;
				IPHONEOS_DEPLOYMENT_TARGET = 16.4;
				MACOSX_DEPLOYMENT_TARGET = 13.3;
				MARKETING_VERSION = 1.0;
				PRODUCT_BUNDLE_IDENTIFIER = com.johnAbraham.CalendarAppUITests;
				PRODUCT_NAME = "$(TARGET_NAME)";
				SDKROOT = auto;
				SUPPORTED_PLATFORMS = "iphoneos iphonesimulator macosx";
				SWIFT_EMIT_LOC_STRINGS = NO;
				SWIFT_VERSION = 5.0;
				TARGETED_DEVICE_FAMILY = "1,2";
				TEST_TARGET_NAME = CalendarApp;
			};
			name = Debug;
		};
		5668B86A2AB2DD4F00F26F8A /* Release */ = {
			isa = XCBuildConfiguration;
			buildSettings = {
				ALWAYS_EMBED_SWIFT_STANDARD_LIBRARIES = YES;
				CODE_SIGN_STYLE = Automatic;
				CURRENT_PROJECT_VERSION = 1;
				GENERATE_INFOPLIST_FILE = YES;
				IPHONEOS_DEPLOYMENT_TARGET = 16.4;
				MACOSX_DEPLOYMENT_TARGET = 13.3;
				MARKETING_VERSION = 1.0;
				PRODUCT_BUNDLE_IDENTIFIER = com.johnAbraham.CalendarAppUITests;
				PRODUCT_NAME = "$(TARGET_NAME)";
				SDKROOT = auto;
				SUPPORTED_PLATFORMS = "iphoneos iphonesimulator macosx";
				SWIFT_EMIT_LOC_STRINGS = NO;
				SWIFT_VERSION = 5.0;
				TARGETED_DEVICE_FAMILY = "1,2";
				TEST_TARGET_NAME = CalendarApp;
			};
			name = Release;
		};
/* End XCBuildConfiguration section */

/* Begin XCConfigurationList section */
		5668B8382AB2DD4C00F26F8A /* Build configuration list for PBXProject "CalendarApp" */ = {
			isa = XCConfigurationList;
			buildConfigurations = (
				5668B8602AB2DD4F00F26F8A /* Debug */,
				5668B8612AB2DD4F00F26F8A /* Release */,
			);
			defaultConfigurationIsVisible = 0;
			defaultConfigurationName = Release;
		};
		5668B8622AB2DD4F00F26F8A /* Build configuration list for PBXNativeTarget "CalendarApp" */ = {
			isa = XCConfigurationList;
			buildConfigurations = (
				5668B8632AB2DD4F00F26F8A /* Debug */,
				5668B8642AB2DD4F00F26F8A /* Release */,
			);
			defaultConfigurationIsVisible = 0;
			defaultConfigurationName = Release;
		};
		5668B8652AB2DD4F00F26F8A /* Build configuration list for PBXNativeTarget "CalendarAppTests" */ = {
			isa = XCConfigurationList;
			buildConfigurations = (
				5668B8662AB2DD4F00F26F8A /* Debug */,
				5668B8672AB2DD4F00F26F8A /* Release */,
			);
			defaultConfigurationIsVisible = 0;
			defaultConfigurationName = Release;
		};
		5668B8682AB2DD4F00F26F8A /* Build configuration list for PBXNativeTarget "CalendarAppUITests" */ = {
			isa = XCConfigurationList;
			buildConfigurations = (
				5668B8692AB2DD4F00F26F8A /* Debug */,
				5668B86A2AB2DD4F00F26F8A /* Release */,
			);
			defaultConfigurationIsVisible = 0;
			defaultConfigurationName = Release;
		};
/* End XCConfigurationList section */

/* Begin XCVersionGroup section */
		5668B8702AB2DE4F00F26F8A /* Event.xcdatamodeld */ = {
			isa = XCVersionGroup;
			children = (
				5668B8712AB2DE4F00F26F8A /* Event.xcdatamodel */,
				5668B8722AB2DE4F00F26F8A /* Evemt.xcdatamodel */,
			);
			currentVersion = 5668B8712AB2DE4F00F26F8A /* Event.xcdatamodel */;
			path = Event.xcdatamodeld;
			sourceTree = "<group>";
			versionGroupType = wrapper.xcdatamodel;
		};
/* End XCVersionGroup section */
	};
	rootObject = 5668B8352AB2DD4C00F26F8A /* Project object */;
}
